
Microsoft Visual Studio Solution File, Format Version 11.00
# Visual C# Express 2010
Project("{FAE04EC0-301F-11D3-BF4B-00C04F79EFBC}") = "JaguarControl", "JaguarControl.csproj", "{E3761B6D-3439-47A1-9B7E-6902A9B1E905}"
EndProject
Global
	GlobalSection(SolutionConfigurationPlatforms) = preSolution
		Debug|Any CPU = Debug|Any CPU
		Debug|x86 = Debug|x86
		Release|Any CPU = Release|Any CPU
		Release|x86 = Release|x86
	EndGlobalSection
	GlobalSection(ProjectConfigurationPlatforms) = postSolution
		{E3761B6D-3439-47A1-9B7E-6902A9B1E905}.Debug|Any CPU.ActiveCfg = Debug|Any CPU
		{E3761B6D-3439-47A1-9B7E-6902A9B1E905}.Debug|Any CPU.Build.0 = Debug|Any CPU
		{E3761B6D-3439-47A1-9B7E-6902A9B1E905}.Debug|x86.ActiveCfg = Release|x86
		{E3761B6D-3439-47A1-9B7E-6902A9B1E905}.Debug|x86.Build.0 = Release|x86
		{E3761B6D-3439-47A1-9B7E-6902A9B1E905}.Release|Any CPU.ActiveCfg = Release|Any CPU
		{E3761B6D-3439-47A1-9B7E-6902A9B1E905}.Release|Any CPU.Build.0 = Release|Any CPU
		{E3761B6D-3439-47A1-9B7E-6902A9B1E905}.Release|x86.ActiveCfg = Release|x86
		{E3761B6D-3439-47A1-9B7E-6902A9B1E905}.Release|x86.Build.0 = Release|x86
	EndGlobalSection
	GlobalSection(SolutionProperties) = preSolution
		HideSolutionNode = FALSE
	EndGlobalSection
EndGlobal
